
Microsoft Visual Studio Solution File, Format Version 10.00
# Visual Studio 2008
Project("{8BC9CEB8-8B4A-11D0-8D11-00A0C91BC942}") = "PC4Ctrl", "PC4Ctrl.vcproj", "{2484E134-F59D-432E-8153-B93C8B448FFD}"
EndProject
Global
	GlobalSection(SolutionConfigurationPlatforms) = preSolution
		Debug|Win32 = Debug|Win32
		Release|Win32 = Release|Win32
	EndGlobalSection
	GlobalSection(ProjectConfigurationPlatforms) = postSolution
		{2484E134-F59D-432E-8153-B93C8B448FFD}.Debug|Win32.ActiveCfg = Debug|Win32
		{2484E134-F59D-432E-8153-B93C8B448FFD}.Debug|Win32.Build.0 = Debug|Win32
		{2484E134-F59D-432E-8153-B93C8B448FFD}.Release|Win32.ActiveCfg = Release|Win32
		{2484E134-F59D-432E-8153-B93C8B448FFD}.Release|Win32.Build.0 = Release|Win32
	EndGlobalSection
	GlobalSection(SolutionProperties) = preSolution
		HideSolutionNode = FALSE
	EndGlobalSection
EndGlobal
